{
  "name": "napi-curl",
  "version": "0.3.10",
  "lockfileVersion": 3,
  "requires": true,
  "packages": {
    "": {
      "name": "napi-curl",
      "version": "0.3.10",
      "license": "MIT",
      "dependencies": {
        "node-addon-api": "^5.0.0"
      },
      "devDependencies": {
        "@types/node": "^18.0.6"
      },
      "engines": {
        "node": ">=17.5.0"
      }
    },
    "node_modules/@types/node": {
      "version": "18.19.8",
      "resolved": "https://registry.npmjs.org/@types/node/-/node-18.19.8.tgz",
      "integrity": "sha512-g1pZtPhsvGVTwmeVoexWZLTQaOvXwoSq//pTL0DHeNzUDrFnir4fgETdhjhIxjVnN+hKOuh98+E1eMLnUXstFg==",
      "dev": true,
      "dependencies": {
        "undici-types": "~5.26.4"
      }
    },
    "node_modules/node-addon-api": {
      "version": "5.1.0",
      "resolved": "https://registry.npmjs.org/node-addon-api/-/node-addon-api-5.1.0.tgz",
      "integrity": "sha512-eh0GgfEkpnoWDq+VY8OyvYhFEzBk6jIYbRKdIlyTiAXIVJ8PyBaKb0rp7oDtoddbdoHWhq8wwr+XZ81F1rpNdA=="
    },
    "node_modules/undici-types": {
      "version": "5.26.5",
      "resolved": "https://registry.npmjs.org/undici-types/-/undici-types-5.26.5.tgz",
      "integrity": "sha512-JlCMO+ehdEIKqlFxk6IfVoAUVmgz7cU7zD/h9XZ0qzeosSHmUJVOzSQvvYSYWXkFXC+IfLKSIffhv0sVZup6pA==",
      "dev": true
    }
  }
}
